
Microsoft Visual Studio Solution File, Format Version 12.00
# Visual Studio Version 17
VisualStudioVersion = 17.3.32825.248
MinimumVisualStudioVersion = 10.0.40219.1
Project("{FAE04EC0-301F-11D3-BF4B-00C04F79EFBC}") = "EX_9", "EX_9\EX_9.csproj", "{8203F0C6-C892-412D-A66E-708AE9993C38}"
EndProject
Global
	GlobalSection(SolutionConfigurationPlatforms) = preSolution
		Debug|Any CPU = Debug|Any CPU
		Release|Any CPU = Release|Any CPU
	EndGlobalSection
	GlobalSection(ProjectConfigurationPlatforms) = postSolution
		{8203F0C6-C892-412D-A66E-708AE9993C38}.Debug|Any CPU.ActiveCfg = Debug|Any CPU
		{8203F0C6-C892-412D-A66E-708AE9993C38}.Debug|Any CPU.Build.0 = Debug|Any CPU
		{8203F0C6-C892-412D-A66E-708AE9993C38}.Release|Any CPU.ActiveCfg = Release|Any CPU
		{8203F0C6-C892-412D-A66E-708AE9993C38}.Release|Any CPU.Build.0 = Release|Any CPU
	EndGlobalSection
	GlobalSection(SolutionProperties) = preSolution
		HideSolutionNode = FALSE
	EndGlobalSection
	GlobalSection(ExtensibilityGlobals) = postSolution
		SolutionGuid = {235C73F1-8939-497B-A84D-C3436BDC178F}
	EndGlobalSection
EndGlobal
