
Microsoft Visual Studio Solution File, Format Version 12.00
# Visual Studio Version 17
VisualStudioVersion = 17.3.32825.248
MinimumVisualStudioVersion = 10.0.40219.1
Project("{FAE04EC0-301F-11D3-BF4B-00C04F79EFBC}") = "EX_19", "EX_19\EX_19.csproj", "{04DB5238-1714-42AB-96F1-0FCEC7A172C5}"
EndProject
Global
	GlobalSection(SolutionConfigurationPlatforms) = preSolution
		Debug|Any CPU = Debug|Any CPU
		Release|Any CPU = Release|Any CPU
	EndGlobalSection
	GlobalSection(ProjectConfigurationPlatforms) = postSolution
		{04DB5238-1714-42AB-96F1-0FCEC7A172C5}.Debug|Any CPU.ActiveCfg = Debug|Any CPU
		{04DB5238-1714-42AB-96F1-0FCEC7A172C5}.Debug|Any CPU.Build.0 = Debug|Any CPU
		{04DB5238-1714-42AB-96F1-0FCEC7A172C5}.Release|Any CPU.ActiveCfg = Release|Any CPU
		{04DB5238-1714-42AB-96F1-0FCEC7A172C5}.Release|Any CPU.Build.0 = Release|Any CPU
	EndGlobalSection
	GlobalSection(SolutionProperties) = preSolution
		HideSolutionNode = FALSE
	EndGlobalSection
	GlobalSection(ExtensibilityGlobals) = postSolution
		SolutionGuid = {E57B050E-A1C5-4DAC-8ECE-EC1B3F6E942B}
	EndGlobalSection
EndGlobal
