
Microsoft Visual Studio Solution File, Format Version 12.00
# Visual Studio Version 17
VisualStudioVersion = 17.3.32825.248
MinimumVisualStudioVersion = 10.0.40219.1
Project("{FAE04EC0-301F-11D3-BF4B-00C04F79EFBC}") = "EX_15", "EX_15\EX_15.csproj", "{798E9B5A-B39F-4B33-8356-1D0844FB7550}"
EndProject
Global
	GlobalSection(SolutionConfigurationPlatforms) = preSolution
		Debug|Any CPU = Debug|Any CPU
		Release|Any CPU = Release|Any CPU
	EndGlobalSection
	GlobalSection(ProjectConfigurationPlatforms) = postSolution
		{798E9B5A-B39F-4B33-8356-1D0844FB7550}.Debug|Any CPU.ActiveCfg = Debug|Any CPU
		{798E9B5A-B39F-4B33-8356-1D0844FB7550}.Debug|Any CPU.Build.0 = Debug|Any CPU
		{798E9B5A-B39F-4B33-8356-1D0844FB7550}.Release|Any CPU.ActiveCfg = Release|Any CPU
		{798E9B5A-B39F-4B33-8356-1D0844FB7550}.Release|Any CPU.Build.0 = Release|Any CPU
	EndGlobalSection
	GlobalSection(SolutionProperties) = preSolution
		HideSolutionNode = FALSE
	EndGlobalSection
	GlobalSection(ExtensibilityGlobals) = postSolution
		SolutionGuid = {DC5A02B0-6867-4FE1-8FE0-58B69D5EDD7C}
	EndGlobalSection
EndGlobal
